
Microsoft Visual Studio Solution File, Format Version 12.00
# Visual Studio Version 17
VisualStudioVersion = 17.3.32901.215
MinimumVisualStudioVersion = 10.0.40219.1
Project("{9A19103F-16F7-4668-BE54-9A1E7A4F7556}") = "NT7PTO_HFT_2023241.Client", "NT7PTO_HFT_2023241.Client\NT7PTO_HFT_2023241.Client.csproj", "{6E9A8750-ED41-4F6C-BE20-2A7327E7A943}"
EndProject
Project("{9A19103F-16F7-4668-BE54-9A1E7A4F7556}") = "NT7PTO_HFT_2023241.Models", "NT7PTO_HFT_2023241.Models\NT7PTO_HFT_2023241.Models.csproj", "{24827CC6-1D23-41DB-BDF8-33A6C03CBA65}"
EndProject
Project("{9A19103F-16F7-4668-BE54-9A1E7A4F7556}") = "NT7PTO_HFT_2023241.Logic", "NT7PTO_HFT_2023241.Logic\NT7PTO_HFT_2023241.Logic.csproj", "{D9CAFA08-E2DB-4AE8-B8DC-36DAE3A7501F}"
EndProject
Project("{9A19103F-16F7-4668-BE54-9A1E7A4F7556}") = "NT7PTO_HFT_2023241.Repository", "NT7PTO_HFT_2023241.Repository\NT7PTO_HFT_2023241.Repository.csproj", "{101A7E2C-5C5D-4A94-9D48-3E38DDA3D274}"
EndProject
Project("{9A19103F-16F7-4668-BE54-9A1E7A4F7556}") = "NT7PTO_HFT_2023241.Test", "NT7PTO_HFT_2023241.Test\NT7PTO_HFT_2023241.Test.csproj", "{C8027F29-3E1C-450A-B39E-88079171BBAC}"
EndProject
Project("{FAE04EC0-301F-11D3-BF4B-00C04F79EFBC}") = "NT7PTO_HFT_2023241.Endpoint", "NT7PTO_HFT_2023241.Endpoint\NT7PTO_HFT_2023241.Endpoint.csproj", "{F944B5BC-AFC6-4B8C-A6A7-354D67480E2B}"
EndProject
Project("{2150E333-8FDC-42A3-9474-1A3956D46DE8}") = "Backend", "Backend", "{576938B4-B5B2-4347-B67E-0C1AC9BA131F}"
EndProject
Project("{2150E333-8FDC-42A3-9474-1A3956D46DE8}") = "Frontend", "Frontend", "{A017E96D-504A-4BD5-B863-A7AF5F8C91BD}"
EndProject
Project("{2150E333-8FDC-42A3-9474-1A3956D46DE8}") = "Shared", "Shared", "{DE6976B3-0DF0-4EF8-869F-503A9CD332C5}"
EndProject
Project("{2150E333-8FDC-42A3-9474-1A3956D46DE8}") = "Others", "Others", "{298564C2-0E85-4136-9430-E67E17BCB275}"
	ProjectSection(SolutionItems) = preProject
		.gitignore = .gitignore
	EndProjectSection
EndProject
Global
	GlobalSection(SolutionConfigurationPlatforms) = preSolution
		Debug|Any CPU = Debug|Any CPU
		Release|Any CPU = Release|Any CPU
	EndGlobalSection
	GlobalSection(ProjectConfigurationPlatforms) = postSolution
		{6E9A8750-ED41-4F6C-BE20-2A7327E7A943}.Debug|Any CPU.ActiveCfg = Debug|Any CPU
		{6E9A8750-ED41-4F6C-BE20-2A7327E7A943}.Debug|Any CPU.Build.0 = Debug|Any CPU
		{6E9A8750-ED41-4F6C-BE20-2A7327E7A943}.Release|Any CPU.ActiveCfg = Release|Any CPU
		{6E9A8750-ED41-4F6C-BE20-2A7327E7A943}.Release|Any CPU.Build.0 = Release|Any CPU
		{24827CC6-1D23-41DB-BDF8-33A6C03CBA65}.Debug|Any CPU.ActiveCfg = Debug|Any CPU
		{24827CC6-1D23-41DB-BDF8-33A6C03CBA65}.Debug|Any CPU.Build.0 = Debug|Any CPU
		{24827CC6-1D23-41DB-BDF8-33A6C03CBA65}.Release|Any CPU.ActiveCfg = Release|Any CPU
		{24827CC6-1D23-41DB-BDF8-33A6C03CBA65}.Release|Any CPU.Build.0 = Release|Any CPU
		{D9CAFA08-E2DB-4AE8-B8DC-36DAE3A7501F}.Debug|Any CPU.ActiveCfg = Debug|Any CPU
		{D9CAFA08-E2DB-4AE8-B8DC-36DAE3A7501F}.Debug|Any CPU.Build.0 = Debug|Any CPU
		{D9CAFA08-E2DB-4AE8-B8DC-36DAE3A7501F}.Release|Any CPU.ActiveCfg = Release|Any CPU
		{D9CAFA08-E2DB-4AE8-B8DC-36DAE3A7501F}.Release|Any CPU.Build.0 = Release|Any CPU
		{101A7E2C-5C5D-4A94-9D48-3E38DDA3D274}.Debug|Any CPU.ActiveCfg = Debug|Any CPU
		{101A7E2C-5C5D-4A94-9D48-3E38DDA3D274}.Debug|Any CPU.Build.0 = Debug|Any CPU
		{101A7E2C-5C5D-4A94-9D48-3E38DDA3D274}.Release|Any CPU.ActiveCfg = Release|Any CPU
		{101A7E2C-5C5D-4A94-9D48-3E38DDA3D274}.Release|Any CPU.Build.0 = Release|Any CPU
		{C8027F29-3E1C-450A-B39E-88079171BBAC}.Debug|Any CPU.ActiveCfg = Debug|Any CPU
		{C8027F29-3E1C-450A-B39E-88079171BBAC}.Debug|Any CPU.Build.0 = Debug|Any CPU
		{C8027F29-3E1C-450A-B39E-88079171BBAC}.Release|Any CPU.ActiveCfg = Release|Any CPU
		{C8027F29-3E1C-450A-B39E-88079171BBAC}.Release|Any CPU.Build.0 = Release|Any CPU
		{F944B5BC-AFC6-4B8C-A6A7-354D67480E2B}.Debug|Any CPU.ActiveCfg = Debug|Any CPU
		{F944B5BC-AFC6-4B8C-A6A7-354D67480E2B}.Debug|Any CPU.Build.0 = Debug|Any CPU
		{F944B5BC-AFC6-4B8C-A6A7-354D67480E2B}.Release|Any CPU.ActiveCfg = Release|Any CPU
		{F944B5BC-AFC6-4B8C-A6A7-354D67480E2B}.Release|Any CPU.Build.0 = Release|Any CPU
	EndGlobalSection
	GlobalSection(SolutionProperties) = preSolution
		HideSolutionNode = FALSE
	EndGlobalSection
	GlobalSection(NestedProjects) = preSolution
		{6E9A8750-ED41-4F6C-BE20-2A7327E7A943} = {A017E96D-504A-4BD5-B863-A7AF5F8C91BD}
		{24827CC6-1D23-41DB-BDF8-33A6C03CBA65} = {DE6976B3-0DF0-4EF8-869F-503A9CD332C5}
		{D9CAFA08-E2DB-4AE8-B8DC-36DAE3A7501F} = {576938B4-B5B2-4347-B67E-0C1AC9BA131F}
		{101A7E2C-5C5D-4A94-9D48-3E38DDA3D274} = {576938B4-B5B2-4347-B67E-0C1AC9BA131F}
		{C8027F29-3E1C-450A-B39E-88079171BBAC} = {576938B4-B5B2-4347-B67E-0C1AC9BA131F}
		{F944B5BC-AFC6-4B8C-A6A7-354D67480E2B} = {576938B4-B5B2-4347-B67E-0C1AC9BA131F}
	EndGlobalSection
	GlobalSection(ExtensibilityGlobals) = postSolution
		SolutionGuid = {2288A4AE-940A-43D0-8E67-6D5A426E467D}
	EndGlobalSection
EndGlobal
